
Microsoft Visual Studio Solution File, Format Version 12.00
# Visual Studio 2013
VisualStudioVersion = 12.0.30723.0
MinimumVisualStudioVersion = 10.0.40219.1
Project("{8BC9CEB8-8B4A-11D0-8D11-00A0C91BC942}") = "ToolKit", "ToolKit\ToolKit.vcxproj", "{86E514D7-F7E0-4FDD-8C58-FF435319C1A3}"
EndProject
Project("{8BC9CEB8-8B4A-11D0-8D11-00A0C91BC942}") = "GameEngine", "GameEngine\GameEngine.vcxproj", "{99A25199-AA6B-405E-A639-4B4BFD7FDF15}"
EndProject
Project("{8BC9CEB8-8B4A-11D0-8D11-00A0C91BC942}") = "Demo", "Demo\Demo.vcxproj", "{1F5BE7CD-3BDB-4751-95FF-A34BCAA09C18}"
EndProject
Project("{FAE04EC0-301F-11D3-BF4B-00C04F79EFBC}") = "AssetPackager", "AssetPackager\AssetPackager.csproj", "{0AF4B09A-8674-49F4-9EFC-9E305B90C92A}"
EndProject
Global
	GlobalSection(SolutionConfigurationPlatforms) = preSolution
		Debug|Any CPU = Debug|Any CPU
		Debug|Mixed Platforms = Debug|Mixed Platforms
		Debug|Win32 = Debug|Win32
		Release|Any CPU = Release|Any CPU
		Release|Mixed Platforms = Release|Mixed Platforms
		Release|Win32 = Release|Win32
	EndGlobalSection
	GlobalSection(ProjectConfigurationPlatforms) = postSolution
		{86E514D7-F7E0-4FDD-8C58-FF435319C1A3}.Debug|Any CPU.ActiveCfg = Debug|Win32
		{86E514D7-F7E0-4FDD-8C58-FF435319C1A3}.Debug|Mixed Platforms.ActiveCfg = Debug|Win32
		{86E514D7-F7E0-4FDD-8C58-FF435319C1A3}.Debug|Mixed Platforms.Build.0 = Debug|Win32
		{86E514D7-F7E0-4FDD-8C58-FF435319C1A3}.Debug|Win32.ActiveCfg = Debug|Win32
		{86E514D7-F7E0-4FDD-8C58-FF435319C1A3}.Debug|Win32.Build.0 = Debug|Win32
		{86E514D7-F7E0-4FDD-8C58-FF435319C1A3}.Release|Any CPU.ActiveCfg = Release|Win32
		{86E514D7-F7E0-4FDD-8C58-FF435319C1A3}.Release|Mixed Platforms.ActiveCfg = Release|Win32
		{86E514D7-F7E0-4FDD-8C58-FF435319C1A3}.Release|Mixed Platforms.Build.0 = Release|Win32
		{86E514D7-F7E0-4FDD-8C58-FF435319C1A3}.Release|Win32.ActiveCfg = Release|Win32
		{86E514D7-F7E0-4FDD-8C58-FF435319C1A3}.Release|Win32.Build.0 = Release|Win32
		{99A25199-AA6B-405E-A639-4B4BFD7FDF15}.Debug|Any CPU.ActiveCfg = Debug|Win32
		{99A25199-AA6B-405E-A639-4B4BFD7FDF15}.Debug|Mixed Platforms.ActiveCfg = Debug|Win32
		{99A25199-AA6B-405E-A639-4B4BFD7FDF15}.Debug|Mixed Platforms.Build.0 = Debug|Win32
		{99A25199-AA6B-405E-A639-4B4BFD7FDF15}.Debug|Win32.ActiveCfg = Debug|Win32
		{99A25199-AA6B-405E-A639-4B4BFD7FDF15}.Debug|Win32.Build.0 = Debug|Win32
		{99A25199-AA6B-405E-A639-4B4BFD7FDF15}.Release|Any CPU.ActiveCfg = Release|Win32
		{99A25199-AA6B-405E-A639-4B4BFD7FDF15}.Release|Mixed Platforms.ActiveCfg = Release|Win32
		{99A25199-AA6B-405E-A639-4B4BFD7FDF15}.Release|Mixed Platforms.Build.0 = Release|Win32
		{99A25199-AA6B-405E-A639-4B4BFD7FDF15}.Release|Win32.ActiveCfg = Release|Win32
		{99A25199-AA6B-405E-A639-4B4BFD7FDF15}.Release|Win32.Build.0 = Release|Win32
		{1F5BE7CD-3BDB-4751-95FF-A34BCAA09C18}.Debug|Any CPU.ActiveCfg = Debug|Win32
		{1F5BE7CD-3BDB-4751-95FF-A34BCAA09C18}.Debug|Mixed Platforms.ActiveCfg = Debug|Win32
		{1F5BE7CD-3BDB-4751-95FF-A34BCAA09C18}.Debug|Mixed Platforms.Build.0 = Debug|Win32
		{1F5BE7CD-3BDB-4751-95FF-A34BCAA09C18}.Debug|Win32.ActiveCfg = Debug|Win32
		{1F5BE7CD-3BDB-4751-95FF-A34BCAA09C18}.Debug|Win32.Build.0 = Debug|Win32
		{1F5BE7CD-3BDB-4751-95FF-A34BCAA09C18}.Release|Any CPU.ActiveCfg = Release|Win32
		{1F5BE7CD-3BDB-4751-95FF-A34BCAA09C18}.Release|Mixed Platforms.ActiveCfg = Release|Win32
		{1F5BE7CD-3BDB-4751-95FF-A34BCAA09C18}.Release|Mixed Platforms.Build.0 = Release|Win32
		{1F5BE7CD-3BDB-4751-95FF-A34BCAA09C18}.Release|Win32.ActiveCfg = Release|Win32
		{1F5BE7CD-3BDB-4751-95FF-A34BCAA09C18}.Release|Win32.Build.0 = Release|Win32
		{0AF4B09A-8674-49F4-9EFC-9E305B90C92A}.Debug|Any CPU.ActiveCfg = Debug|Any CPU
		{0AF4B09A-8674-49F4-9EFC-9E305B90C92A}.Debug|Any CPU.Build.0 = Debug|Any CPU
		{0AF4B09A-8674-49F4-9EFC-9E305B90C92A}.Debug|Mixed Platforms.ActiveCfg = Debug|Any CPU
		{0AF4B09A-8674-49F4-9EFC-9E305B90C92A}.Debug|Mixed Platforms.Build.0 = Debug|Any CPU
		{0AF4B09A-8674-49F4-9EFC-9E305B90C92A}.Debug|Win32.ActiveCfg = Debug|Any CPU
		{0AF4B09A-8674-49F4-9EFC-9E305B90C92A}.Release|Any CPU.ActiveCfg = Release|Any CPU
		{0AF4B09A-8674-49F4-9EFC-9E305B90C92A}.Release|Any CPU.Build.0 = Release|Any CPU
		{0AF4B09A-8674-49F4-9EFC-9E305B90C92A}.Release|Mixed Platforms.ActiveCfg = Release|Any CPU
		{0AF4B09A-8674-49F4-9EFC-9E305B90C92A}.Release|Mixed Platforms.Build.0 = Release|Any CPU
		{0AF4B09A-8674-49F4-9EFC-9E305B90C92A}.Release|Win32.ActiveCfg = Release|Any CPU
	EndGlobalSection
	GlobalSection(SolutionProperties) = preSolution
		HideSolutionNode = FALSE
	EndGlobalSection
EndGlobal
